
Microsoft Visual Studio Solution File, Format Version 12.00
# Visual Studio Version 16
VisualStudioVersion = 16.0.31729.503
MinimumVisualStudioVersion = 10.0.40219.1
Project("{FAE04EC0-301F-11D3-BF4B-00C04F79EFBC}") = "TimeStructureLibrary", "TimeStructureLibrary\TimeStructureLibrary.csproj", "{7590B306-1BE8-45B0-A17C-9728390CFA07}"
EndProject
Project("{FAE04EC0-301F-11D3-BF4B-00C04F79EFBC}") = "TimeStructureTests", "TestProject1\TimeStructureTests.csproj", "{62AEAD64-60E3-461D-90B0-951D81441027}"
EndProject
Global
	GlobalSection(SolutionConfigurationPlatforms) = preSolution
		Debug|Any CPU = Debug|Any CPU
		Release|Any CPU = Release|Any CPU
	EndGlobalSection
	GlobalSection(ProjectConfigurationPlatforms) = postSolution
		{7590B306-1BE8-45B0-A17C-9728390CFA07}.Debug|Any CPU.ActiveCfg = Debug|Any CPU
		{7590B306-1BE8-45B0-A17C-9728390CFA07}.Debug|Any CPU.Build.0 = Debug|Any CPU
		{7590B306-1BE8-45B0-A17C-9728390CFA07}.Release|Any CPU.ActiveCfg = Release|Any CPU
		{7590B306-1BE8-45B0-A17C-9728390CFA07}.Release|Any CPU.Build.0 = Release|Any CPU
		{62AEAD64-60E3-461D-90B0-951D81441027}.Debug|Any CPU.ActiveCfg = Debug|Any CPU
		{62AEAD64-60E3-461D-90B0-951D81441027}.Debug|Any CPU.Build.0 = Debug|Any CPU
		{62AEAD64-60E3-461D-90B0-951D81441027}.Release|Any CPU.ActiveCfg = Release|Any CPU
		{62AEAD64-60E3-461D-90B0-951D81441027}.Release|Any CPU.Build.0 = Release|Any CPU
	EndGlobalSection
	GlobalSection(SolutionProperties) = preSolution
		HideSolutionNode = FALSE
	EndGlobalSection
	GlobalSection(ExtensibilityGlobals) = postSolution
		SolutionGuid = {4F65705A-6FAB-41C2-9F88-961D154A8C5C}
	EndGlobalSection
EndGlobal
